PODS:
  - Alamofire (4.6.0)
  - DropDown (2.3.1)
  - YouTubePlayer (0.4.0)

DEPENDENCIES:
  - Alamofire (~> 4.5)
  - DropDown
  - YouTubePlayer

SPEC CHECKSUMS:
  Alamofire: f41a599bd63041760b26d393ec1069d9d7b917f4
  DropDown: 20499c7b2731b0d21609af924e47c7677a2be50d
  YouTubePlayer: 028451f6772f372d4759866db99824c676ac1473

PODFILE CHECKSUM: f5fa1806af70ca9700301101170fdf0b5a0eedf7

COCOAPODS: 1.4.0
