// !$*UTF8*$!
{
	archiveVersion = 1;
	classes = {
	};
	objectVersion = 48;
	objects = {

/* Begin PBXBuildFile section */
		09A0DB412035EAA100D7EC28 /* TaskTableViewCell.swift in Sources */ = {isa = PBXBuildFile; fileRef = 09A0DB402035EAA100D7EC28 /* TaskTableViewCell.swift */; };
		09EFD0D9D7EE913636FA0740 /* Pods_TabbedBarExampleUITests.framework in Frameworks */ = {isa = PBXBuildFile; fileRef = A2B98CC0D5050E5BA525DCF4 /* Pods_TabbedBarExampleUITests.framework */; };
		0A1FD0852034F62E0096FD08 /* Alamofire.framework in Frameworks */ = {isa = PBXBuildFile; fileRef = 0A1FD0862034F62E0096FD08 /* Alamofire.framework */; };
		0A2B5CE92034CBAE000D7B72 /* AddBoardViewController.swift in Sources */ = {isa = PBXBuildFile; fileRef = 0A2B5CE12034CBAD000D7B72 /* AddBoardViewController.swift */; };
		0A2B5CEA2034CBAE000D7B72 /* AddTaskViewController.swift in Sources */ = {isa = PBXBuildFile; fileRef = 0A2B5CE22034CBAD000D7B72 /* AddTaskViewController.swift */; };
		0A2B5CEB2034CBAE000D7B72 /* BoardsViewController.swift in Sources */ = {isa = PBXBuildFile; fileRef = 0A2B5CE32034CBAD000D7B72 /* BoardsViewController.swift */; };
		0A2B5CEC2034CBAE000D7B72 /* ListViewController.swift in Sources */ = {isa = PBXBuildFile; fileRef = 0A2B5CE42034CBAD000D7B72 /* ListViewController.swift */; };
		0A2B5CED2034CBAE000D7B72 /* TaskDetailViewController.swift in Sources */ = {isa = PBXBuildFile; fileRef = 0A2B5CE52034CBAD000D7B72 /* TaskDetailViewController.swift */; };
		0A2B5CEE2034CBAE000D7B72 /* LoginViewController.swift in Sources */ = {isa = PBXBuildFile; fileRef = 0A2B5CE72034CBAD000D7B72 /* LoginViewController.swift */; };
		0A2B5CEF2034CBAE000D7B72 /* RegisterViewController.swift in Sources */ = {isa = PBXBuildFile; fileRef = 0A2B5CE82034CBAD000D7B72 /* RegisterViewController.swift */; };
		0A2B5CF22034CE4B000D7B72 /* APIManager.swift in Sources */ = {isa = PBXBuildFile; fileRef = 0A2B5CF12034CE4B000D7B72 /* APIManager.swift */; };
		0A2B5D4E2034D32B000D7B72 /* SwiftyJSON.swift in Sources */ = {isa = PBXBuildFile; fileRef = 0A2B5D4D2034D32B000D7B72 /* SwiftyJSON.swift */; };
		0A2B5D522034DC9B000D7B72 /* BoardsModel.swift in Sources */ = {isa = PBXBuildFile; fileRef = 0A2B5D512034DC9B000D7B72 /* BoardsModel.swift */; };
		0A2B5D542034DCB2000D7B72 /* ListModel.swift in Sources */ = {isa = PBXBuildFile; fileRef = 0A2B5D532034DCB2000D7B72 /* ListModel.swift */; };
		0A2B5D562034DCC3000D7B72 /* TaskModel.swift in Sources */ = {isa = PBXBuildFile; fileRef = 0A2B5D552034DCC3000D7B72 /* TaskModel.swift */; };
		0A2B5D582034E309000D7B72 /* Podfile in Resources */ = {isa = PBXBuildFile; fileRef = 0A2B5D572034E309000D7B72 /* Podfile */; };
		12EDFD9963AF67F431FA615B /* Pods_TabbedBarExampleTests.framework in Frameworks */ = {isa = PBXBuildFile; fileRef = 752226617AFA727204019385 /* Pods_TabbedBarExampleTests.framework */; };
		3E3CCAFCE31DF8CD8ACBDA00 /* Pods_TabbedBarExample.framework in Frameworks */ = {isa = PBXBuildFile; fileRef = C891C426D773B177BA811DE9 /* Pods_TabbedBarExample.framework */; };
		77943695202E427A00E77B71 /* Assets.xcassets in Resources */ = {isa = PBXBuildFile; fileRef = 77943694202E427A00E77B71 /* Assets.xcassets */; };
		779436A3202E427B00E77B71 /* TabbedBarExampleTests.swift in Sources */ = {isa = PBXBuildFile; fileRef = 779436A2202E427B00E77B71 /* TabbedBarExampleTests.swift */; };
		779436AE202E427B00E77B71 /* TabbedBarExampleUITests.swift in Sources */ = {isa = PBXBuildFile; fileRef = 779436AD202E427B00E77B71 /* TabbedBarExampleUITests.swift */; };
		779436CC202E490900E77B71 /* FifthViewController.swift in Sources */ = {isa = PBXBuildFile; fileRef = 779436C2202E490900E77B71 /* FifthViewController.swift */; };
		779436CE202E490900E77B71 /* FourthViewController.swift in Sources */ = {isa = PBXBuildFile; fileRef = 779436C4202E490900E77B71 /* FourthViewController.swift */; };
		779436CF202E490900E77B71 /* SecondViewController.swift in Sources */ = {isa = PBXBuildFile; fileRef = 779436C5202E490900E77B71 /* SecondViewController.swift */; };
		779436D0202E490900E77B71 /* ThirdViewController.swift in Sources */ = {isa = PBXBuildFile; fileRef = 779436C6202E490900E77B71 /* ThirdViewController.swift */; };
		779436D1202E490900E77B71 /* AppDelegate.swift in Sources */ = {isa = PBXBuildFile; fileRef = 779436C8202E490900E77B71 /* AppDelegate.swift */; };
		779436D2202E490900E77B71 /* LaunchScreen.storyboard in Resources */ = {isa = PBXBuildFile; fileRef = 779436CA202E490900E77B71 /* LaunchScreen.storyboard */; };
		779436D3202E490900E77B71 /* Main.storyboard in Resources */ = {isa = PBXBuildFile; fileRef = 779436CB202E490900E77B71 /* Main.storyboard */; };
		779436D7202E498A00E77B71 /* BoardsTableViewCell.swift in Sources */ = {isa = PBXBuildFile; fileRef = 779436D5202E498A00E77B71 /* BoardsTableViewCell.swift */; };
		779436D8202E498A00E77B71 /* BoardsTableViewCell.xib in Resources */ = {isa = PBXBuildFile; fileRef = 779436D6202E498A00E77B71 /* BoardsTableViewCell.xib */; };
		779436DB202E49DA00E77B71 /* ListTableViewCell.swift in Sources */ = {isa = PBXBuildFile; fileRef = 779436D9202E49DA00E77B71 /* ListTableViewCell.swift */; };
		779436DC202E49DA00E77B71 /* ListTableViewCell.xib in Resources */ = {isa = PBXBuildFile; fileRef = 779436DA202E49DA00E77B71 /* ListTableViewCell.xib */; };
		779436DE202E4A0300E77B71 /* TaskDetailView.swift in Sources */ = {isa = PBXBuildFile; fileRef = 779436DD202E4A0300E77B71 /* TaskDetailView.swift */; };
		779436E0202E4A1500E77B71 /* TaskDetailView.xib in Resources */ = {isa = PBXBuildFile; fileRef = 779436DF202E4A1500E77B71 /* TaskDetailView.xib */; };
/* End PBXBuildFile section */

/* Begin PBXContainerItemProxy section */
		7794369F202E427B00E77B71 /* PBXContainerItemProxy */ = {
			isa = PBXContainerItemProxy;
			containerPortal = 77943680202E427A00E77B71 /* Project object */;
			proxyType = 1;
			remoteGlobalIDString = 77943687202E427A00E77B71;
			remoteInfo = TabbedBarExample;
		};
		779436AA202E427B00E77B71 /* PBXContainerItemProxy */ = {
			isa = PBXContainerItemProxy;
			containerPortal = 77943680202E427A00E77B71 /* Project object */;
			proxyType = 1;
			remoteGlobalIDString = 77943687202E427A00E77B71;
			remoteInfo = TabbedBarExample;
		};
/* End PBXContainerItemProxy section */

/* Begin PBXFileReference section */
		09A0DB402035EAA100D7EC28 /* TaskTableViewCell.swift */ = {isa = PBXFileReference; lastKnownFileType = sourcecode.swift; path = TaskTableViewCell.swift; sourceTree = "<group>"; };
		0A1FD0862034F62E0096FD08 /* Alamofire.framework */ = {isa = PBXFileReference; explicitFileType = wrapper.framework; path = Alamofire.framework; sourceTree = BUILT_PRODUCTS_DIR; };
		0A2B5CE12034CBAD000D7B72 /* AddBoardViewController.swift */ = {isa = PBXFileReference; fileEncoding = 4; lastKnownFileType = sourcecode.swift; path = AddBoardViewController.swift; sourceTree = "<group>"; };
		0A2B5CE22034CBAD000D7B72 /* AddTaskViewController.swift */ = {isa = PBXFileReference; fileEncoding = 4; lastKnownFileType = sourcecode.swift; path = AddTaskViewController.swift; sourceTree = "<group>"; };
		0A2B5CE32034CBAD000D7B72 /* BoardsViewController.swift */ = {isa = PBXFileReference; fileEncoding = 4; lastKnownFileType = sourcecode.swift; path = BoardsViewController.swift; sourceTree = "<group>"; };
		0A2B5CE42034CBAD000D7B72 /* ListViewController.swift */ = {isa = PBXFileReference; fileEncoding = 4; lastKnownFileType = sourcecode.swift; path = ListViewController.swift; sourceTree = "<group>"; };
		0A2B5CE52034CBAD000D7B72 /* TaskDetailViewController.swift */ = {isa = PBXFileReference; fileEncoding = 4; lastKnownFileType = sourcecode.swift; path = TaskDetailViewController.swift; sourceTree = "<group>"; };
		0A2B5CE72034CBAD000D7B72 /* LoginViewController.swift */ = {isa = PBXFileReference; fileEncoding = 4; lastKnownFileType = sourcecode.swift; path = LoginViewController.swift; sourceTree = "<group>"; };
		0A2B5CE82034CBAD000D7B72 /* RegisterViewController.swift */ = {isa = PBXFileReference; fileEncoding = 4; lastKnownFileType = sourcecode.swift; path = RegisterViewController.swift; sourceTree = "<group>"; };
		0A2B5CF12034CE4B000D7B72 /* APIManager.swift */ = {isa = PBXFileReference; lastKnownFileType = sourcecode.swift; path = APIManager.swift; sourceTree = "<group>"; };
		0A2B5D4D2034D32B000D7B72 /* SwiftyJSON.swift */ = {isa = PBXFileReference; fileEncoding = 4; lastKnownFileType = sourcecode.swift; path = SwiftyJSON.swift; sourceTree = "<group>"; };
		0A2B5D512034DC9B000D7B72 /* BoardsModel.swift */ = {isa = PBXFileReference; lastKnownFileType = sourcecode.swift; path = BoardsModel.swift; sourceTree = "<group>"; };
		0A2B5D532034DCB2000D7B72 /* ListModel.swift */ = {isa = PBXFileReference; lastKnownFileType = sourcecode.swift; path = ListModel.swift; sourceTree = "<group>"; };
		0A2B5D552034DCC3000D7B72 /* TaskModel.swift */ = {isa = PBXFileReference; lastKnownFileType = sourcecode.swift; path = TaskModel.swift; sourceTree = "<group>"; };
		0A2B5D572034E309000D7B72 /* Podfile */ = {isa = PBXFileReference; fileEncoding = 4; lastKnownFileType = text; path = Podfile; sourceTree = "<group>"; };
		3E24F90BEAA8282550B16480 /* Pods-TabbedBarExampleTests.debug.xcconfig */ = {isa = PBXFileReference; includeInIndex = 1; lastKnownFileType = text.xcconfig; name = "Pods-TabbedBarExampleTests.debug.xcconfig"; path = "Pods/Target Support Files/Pods-TabbedBarExampleTests/Pods-TabbedBarExampleTests.debug.xcconfig"; sourceTree = "<group>"; };
		5D53225D356876CA3465A661 /* Pods-TabbedBarExampleUITests.release.xcconfig */ = {isa = PBXFileReference; includeInIndex = 1; lastKnownFileType = text.xcconfig; name = "Pods-TabbedBarExampleUITests.release.xcconfig"; path = "Pods/Target Support Files/Pods-TabbedBarExampleUITests/Pods-TabbedBarExampleUITests.release.xcconfig"; sourceTree = "<group>"; };
		752226617AFA727204019385 /* Pods_TabbedBarExampleTests.framework */ = {isa = PBXFileReference; explicitFileType = wrapper.framework; includeInIndex = 0; path = Pods_TabbedBarExampleTests.framework; sourceTree = BUILT_PRODUCTS_DIR; };
		77943688202E427A00E77B71 /* TabbedBarExample.app */ = {isa = PBXFileReference; explicitFileType = wrapper.application; includeInIndex = 0; path = TabbedBarExample.app; sourceTree = BUILT_PRODUCTS_DIR; };
		77943694202E427A00E77B71 /* Assets.xcassets */ = {isa = PBXFileReference; lastKnownFileType = folder.assetcatalog; path = Assets.xcassets; sourceTree = "<group>"; };
		77943699202E427A00E77B71 /* Info.plist */ = {isa = PBXFileReference; lastKnownFileType = text.plist.xml; path = Info.plist; sourceTree = "<group>"; };
		7794369E202E427B00E77B71 /* TabbedBarExampleTests.xctest */ = {isa = PBXFileReference; explicitFileType = wrapper.cfbundle; includeInIndex = 0; path = TabbedBarExampleTests.xctest; sourceTree = BUILT_PRODUCTS_DIR; };
		779436A2202E427B00E77B71 /* TabbedBarExampleTests.swift */ = {isa = PBXFileReference; lastKnownFileType = sourcecode.swift; path = TabbedBarExampleTests.swift; sourceTree = "<group>"; };
		779436A4202E427B00E77B71 /* Info.plist */ = {isa = PBXFileReference; lastKnownFileType = text.plist.xml; path = Info.plist; sourceTree = "<group>"; };
		779436A9202E427B00E77B71 /* TabbedBarExampleUITests.xctest */ = {isa = PBXFileReference; explicitFileType = wrapper.cfbundle; includeInIndex = 0; path = TabbedBarExampleUITests.xctest; sourceTree = BUILT_PRODUCTS_DIR; };
		779436AD202E427B00E77B71 /* TabbedBarExampleUITests.swift */ = {isa = PBXFileReference; lastKnownFileType = sourcecode.swift; path = TabbedBarExampleUITests.swift; sourceTree = "<group>"; };
		779436AF202E427B00E77B71 /* Info.plist */ = {isa = PBXFileReference; lastKnownFileType = text.plist.xml; path = Info.plist; sourceTree = "<group>"; };
		779436C2202E490900E77B71 /* FifthViewController.swift */ = {isa = PBXFileReference; fileEncoding = 4; lastKnownFileType = sourcecode.swift; path = FifthViewController.swift; sourceTree = "<group>"; };
		779436C4202E490900E77B71 /* FourthViewController.swift */ = {isa = PBXFileReference; fileEncoding = 4; lastKnownFileType = sourcecode.swift; path = FourthViewController.swift; sourceTree = "<group>"; };
		779436C5202E490900E77B71 /* SecondViewController.swift */ = {isa = PBXFileReference; fileEncoding = 4; lastKnownFileType = sourcecode.swift; path = SecondViewController.swift; sourceTree = "<group>"; };
		779436C6202E490900E77B71 /* ThirdViewController.swift */ = {isa = PBXFileReference; fileEncoding = 4; lastKnownFileType = sourcecode.swift; path = ThirdViewController.swift; sourceTree = "<group>"; };
		779436C8202E490900E77B71 /* AppDelegate.swift */ = {isa = PBXFileReference; fileEncoding = 4; lastKnownFileType = sourcecode.swift; path = AppDelegate.swift; sourceTree = "<group>"; };
		779436CA202E490900E77B71 /* LaunchScreen.storyboard */ = {isa = PBXFileReference; fileEncoding = 4; lastKnownFileType = file.storyboard; path = LaunchScreen.storyboard; sourceTree = "<group>"; };
		779436CB202E490900E77B71 /* Main.storyboard */ = {isa = PBXFileReference; fileEncoding = 4; lastKnownFileType = file.storyboard; path = Main.storyboard; sourceTree = "<group>"; };
		779436D5202E498A00E77B71 /* BoardsTableViewCell.swift */ = {isa = PBXFileReference; lastKnownFileType = sourcecode.swift; path = BoardsTableViewCell.swift; sourceTree = "<group>"; };
		779436D6202E498A00E77B71 /* BoardsTableViewCell.xib */ = {isa = PBXFileReference; lastKnownFileType = file.xib; path = BoardsTableViewCell.xib; sourceTree = "<group>"; };
		779436D9202E49DA00E77B71 /* ListTableViewCell.swift */ = {isa = PBXFileReference; lastKnownFileType = sourcecode.swift; path = ListTableViewCell.swift; sourceTree = "<group>"; };
		779436DA202E49DA00E77B71 /* ListTableViewCell.xib */ = {isa = PBXFileReference; lastKnownFileType = file.xib; path = ListTableViewCell.xib; sourceTree = "<group>"; };
		779436DD202E4A0300E77B71 /* TaskDetailView.swift */ = {isa = PBXFileReference; lastKnownFileType = sourcecode.swift; path = TaskDetailView.swift; sourceTree = "<group>"; };
		779436DF202E4A1500E77B71 /* TaskDetailView.xib */ = {isa = PBXFileReference; lastKnownFileType = file.xib; path = TaskDetailView.xib; sourceTree = "<group>"; };
		9D1E8B559EA91588BC2AF2D3 /* Pods-TabbedBarExampleUITests.debug.xcconfig */ = {isa = PBXFileReference; includeInIndex = 1; lastKnownFileType = text.xcconfig; name = "Pods-TabbedBarExampleUITests.debug.xcconfig"; path = "Pods/Target Support Files/Pods-TabbedBarExampleUITests/Pods-TabbedBarExampleUITests.debug.xcconfig"; sourceTree = "<group>"; };
		A2B98CC0D5050E5BA525DCF4 /* Pods_TabbedBarExampleUITests.framework */ = {isa = PBXFileReference; explicitFileType = wrapper.framework; includeInIndex = 0; path = Pods_TabbedBarExampleUITests.framework; sourceTree = BUILT_PRODUCTS_DIR; };
		BBCE47BBEF34ADE1FE3AA9EF /* Pods-TabbedBarExample.release.xcconfig */ = {isa = PBXFileReference; includeInIndex = 1; lastKnownFileType = text.xcconfig; name = "Pods-TabbedBarExample.release.xcconfig"; path = "Pods/Target Support Files/Pods-TabbedBarExample/Pods-TabbedBarExample.release.xcconfig"; sourceTree = "<group>"; };
		C891C426D773B177BA811DE9 /* Pods_TabbedBarExample.framework */ = {isa = PBXFileReference; explicitFileType = wrapper.framework; includeInIndex = 0; path = Pods_TabbedBarExample.framework; sourceTree = BUILT_PRODUCTS_DIR; };
		D1C986E3CE903364FE3F17A6 /* Pods-TabbedBarExample.debug.xcconfig */ = {isa = PBXFileReference; includeInIndex = 1; lastKnownFileType = text.xcconfig; name = "Pods-TabbedBarExample.debug.xcconfig"; path = "Pods/Target Support Files/Pods-TabbedBarExample/Pods-TabbedBarExample.debug.xcconfig"; sourceTree = "<group>"; };
		E2C15FB52B0038FB0C44E6F1 /* Pods-TabbedBarExampleTests.release.xcconfig */ = {isa = PBXFileReference; includeInIndex = 1; lastKnownFileType = text.xcconfig; name = "Pods-TabbedBarExampleTests.release.xcconfig"; path = "Pods/Target Support Files/Pods-TabbedBarExampleTests/Pods-TabbedBarExampleTests.release.xcconfig"; sourceTree = "<group>"; };
/* End PBXFileReference section */

/* Begin PBXFrameworksBuildPhase section */
		77943685202E427A00E77B71 /* Frameworks */ = {
			isa = PBXFrameworksBuildPhase;
			buildActionMask = 2147483647;
			files = (
				0A1FD0852034F62E0096FD08 /* Alamofire.framework in Frameworks */,
				3E3CCAFCE31DF8CD8ACBDA00 /* Pods_TabbedBarExample.framework in Frameworks */,
			);
			runOnlyForDeploymentPostprocessing = 0;
		};
		7794369B202E427B00E77B71 /* Frameworks */ = {
			isa = PBXFrameworksBuildPhase;
			buildActionMask = 2147483647;
			files = (
				12EDFD9963AF67F431FA615B /* Pods_TabbedBarExampleTests.framework in Frameworks */,
			);
			runOnlyForDeploymentPostprocessing = 0;
		};
		779436A6202E427B00E77B71 /* Frameworks */ = {
			isa = PBXFrameworksBuildPhase;
			buildActionMask = 2147483647;
			files = (
				09EFD0D9D7EE913636FA0740 /* Pods_TabbedBarExampleUITests.framework in Frameworks */,
			);
			runOnlyForDeploymentPostprocessing = 0;
		};
/* End PBXFrameworksBuildPhase section */

/* Begin PBXGroup section */
		0A2B5CE02034CBAD000D7B72 /* FirstTabBarViewControllers */ = {
			isa = PBXGroup;
			children = (
				0A2B5CE12034CBAD000D7B72 /* AddBoardViewController.swift */,
				0A2B5CE22034CBAD000D7B72 /* AddTaskViewController.swift */,
				0A2B5CE32034CBAD000D7B72 /* BoardsViewController.swift */,
				0A2B5CE42034CBAD000D7B72 /* ListViewController.swift */,
				0A2B5CE52034CBAD000D7B72 /* TaskDetailViewController.swift */,
				09A0DB402035EAA100D7EC28 /* TaskTableViewCell.swift */,
			);
			path = FirstTabBarViewControllers;
			sourceTree = "<group>";
		};
		0A2B5CE62034CBAD000D7B72 /* LoginRegisterViewControllers */ = {
			isa = PBXGroup;
			children = (
				0A2B5CE72034CBAD000D7B72 /* LoginViewController.swift */,
				0A2B5CE82034CBAD000D7B72 /* RegisterViewController.swift */,
			);
			path = LoginRegisterViewControllers;
			sourceTree = "<group>";
		};
		0A2B5CF02034CE30000D7B72 /* APIManager */ = {
			isa = PBXGroup;
			children = (
				0A2B5CF12034CE4B000D7B72 /* APIManager.swift */,
			);
			path = APIManager;
			sourceTree = "<group>";
		};
		0A2B5D4C2034D32B000D7B72 /* SwiftyJSON */ = {
			isa = PBXGroup;
			children = (
				0A2B5D4D2034D32B000D7B72 /* SwiftyJSON.swift */,
			);
			path = SwiftyJSON;
			sourceTree = "<group>";
		};
		0A2B5D502034DC67000D7B72 /* Models */ = {
			isa = PBXGroup;
			children = (
				0A2B5D512034DC9B000D7B72 /* BoardsModel.swift */,
				0A2B5D532034DCB2000D7B72 /* ListModel.swift */,
				0A2B5D552034DCC3000D7B72 /* TaskModel.swift */,
			);
			path = Models;
			sourceTree = "<group>";
		};
		19F1926EF882326F4E29453E /* Pods */ = {
			isa = PBXGroup;
			children = (
				D1C986E3CE903364FE3F17A6 /* Pods-TabbedBarExample.debug.xcconfig */,
				BBCE47BBEF34ADE1FE3AA9EF /* Pods-TabbedBarExample.release.xcconfig */,
				3E24F90BEAA8282550B16480 /* Pods-TabbedBarExampleTests.debug.xcconfig */,
				E2C15FB52B0038FB0C44E6F1 /* Pods-TabbedBarExampleTests.release.xcconfig */,
				9D1E8B559EA91588BC2AF2D3 /* Pods-TabbedBarExampleUITests.debug.xcconfig */,
				5D53225D356876CA3465A661 /* Pods-TabbedBarExampleUITests.release.xcconfig */,
			);
			name = Pods;
			sourceTree = "<group>";
		};
		68E6F5D9428E6445C117BC3B /* Frameworks */ = {
			isa = PBXGroup;
			children = (
				0A1FD0862034F62E0096FD08 /* Alamofire.framework */,
				C891C426D773B177BA811DE9 /* Pods_TabbedBarExample.framework */,
				752226617AFA727204019385 /* Pods_TabbedBarExampleTests.framework */,
				A2B98CC0D5050E5BA525DCF4 /* Pods_TabbedBarExampleUITests.framework */,
			);
			name = Frameworks;
			sourceTree = "<group>";
		};
		7794367F202E427A00E77B71 = {
			isa = PBXGroup;
			children = (
				0A2B5D572034E309000D7B72 /* Podfile */,
				7794368A202E427A00E77B71 /* TabbedBarExample */,
				779436A1202E427B00E77B71 /* TabbedBarExampleTests */,
				779436AC202E427B00E77B71 /* TabbedBarExampleUITests */,
				77943689202E427A00E77B71 /* Products */,
				19F1926EF882326F4E29453E /* Pods */,
				68E6F5D9428E6445C117BC3B /* Frameworks */,
			);
			sourceTree = "<group>";
		};
		77943689202E427A00E77B71 /* Products */ = {
			isa = PBXGroup;
			children = (
				77943688202E427A00E77B71 /* TabbedBarExample.app */,
				7794369E202E427B00E77B71 /* TabbedBarExampleTests.xctest */,
				779436A9202E427B00E77B71 /* TabbedBarExampleUITests.xctest */,
			);
			name = Products;
			sourceTree = "<group>";
		};
		7794368A202E427A00E77B71 /* TabbedBarExample */ = {
			isa = PBXGroup;
			children = (
				0A2B5D502034DC67000D7B72 /* Models */,
				0A2B5D4C2034D32B000D7B72 /* SwiftyJSON */,
				0A2B5CF02034CE30000D7B72 /* APIManager */,
				779436C7202E490900E77B71 /* AppDelegate */,
				779436C9202E490900E77B71 /* StoryboardViews */,
				779436C1202E490900E77B71 /* ViewControllers */,
				779436D4202E495100E77B71 /* CustomCellAndViews */,
				77943694202E427A00E77B71 /* Assets.xcassets */,
				77943699202E427A00E77B71 /* Info.plist */,
			);
			path = TabbedBarExample;
			sourceTree = "<group>";
		};
		779436A1202E427B00E77B71 /* TabbedBarExampleTests */ = {
			isa = PBXGroup;
			children = (
				779436A2202E427B00E77B71 /* TabbedBarExampleTests.swift */,
				779436A4202E427B00E77B71 /* Info.plist */,
			);
			path = TabbedBarExampleTests;
			sourceTree = "<group>";
		};
		779436AC202E427B00E77B71 /* TabbedBarExampleUITests */ = {
			isa = PBXGroup;
			children = (
				779436AD202E427B00E77B71 /* TabbedBarExampleUITests.swift */,
				779436AF202E427B00E77B71 /* Info.plist */,
			);
			path = TabbedBarExampleUITests;
			sourceTree = "<group>";
		};
		779436C1202E490900E77B71 /* ViewControllers */ = {
			isa = PBXGroup;
			children = (
				0A2B5CE02034CBAD000D7B72 /* FirstTabBarViewControllers */,
				0A2B5CE62034CBAD000D7B72 /* LoginRegisterViewControllers */,
				779436C5202E490900E77B71 /* SecondViewController.swift */,
				779436C2202E490900E77B71 /* FifthViewController.swift */,
				779436C4202E490900E77B71 /* FourthViewController.swift */,
				779436C6202E490900E77B71 /* ThirdViewController.swift */,
			);
			path = ViewControllers;
			sourceTree = "<group>";
		};
		779436C7202E490900E77B71 /* AppDelegate */ = {
			isa = PBXGroup;
			children = (
				779436C8202E490900E77B71 /* AppDelegate.swift */,
			);
			path = AppDelegate;
			sourceTree = "<group>";
		};
		779436C9202E490900E77B71 /* StoryboardViews */ = {
			isa = PBXGroup;
			children = (
				779436CA202E490900E77B71 /* LaunchScreen.storyboard */,
				779436CB202E490900E77B71 /* Main.storyboard */,
			);
			path = StoryboardViews;
			sourceTree = "<group>";
		};
		779436D4202E495100E77B71 /* CustomCellAndViews */ = {
			isa = PBXGroup;
			children = (
				779436D5202E498A00E77B71 /* BoardsTableViewCell.swift */,
				779436D6202E498A00E77B71 /* BoardsTableViewCell.xib */,
				779436D9202E49DA00E77B71 /* ListTableViewCell.swift */,
				779436DA202E49DA00E77B71 /* ListTableViewCell.xib */,
				779436DD202E4A0300E77B71 /* TaskDetailView.swift */,
				779436DF202E4A1500E77B71 /* TaskDetailView.xib */,
			);
			path = CustomCellAndViews;
			sourceTree = "<group>";
		};
/* End PBXGroup section */

/* Begin PBXNativeTarget section */
		77943687202E427A00E77B71 /* TabbedBarExample */ = {
			isa = PBXNativeTarget;
			buildConfigurationList = 779436B2202E427B00E77B71 /* Build configuration list for PBXNativeTarget "TabbedBarExample" */;
			buildPhases = (
				C9BB86EE3DCBF67BE9F61E24 /* [CP] Check Pods Manifest.lock */,
				77943684202E427A00E77B71 /* Sources */,
				77943685202E427A00E77B71 /* Frameworks */,
				77943686202E427A00E77B71 /* Resources */,
				6782E4648F59FF5FF8768B57 /* [CP] Embed Pods Frameworks */,
				D319A6BCB06051AC641A19E9 /* [CP] Copy Pods Resources */,
			);
			buildRules = (
			);
			dependencies = (
			);
			name = TabbedBarExample;
			productName = TabbedBarExample;
			productReference = 77943688202E427A00E77B71 /* TabbedBarExample.app */;
			productType = "com.apple.product-type.application";
		};
		7794369D202E427B00E77B71 /* TabbedBarExampleTests */ = {
			isa = PBXNativeTarget;
			buildConfigurationList = 779436B5202E427B00E77B71 /* Build configuration list for PBXNativeTarget "TabbedBarExampleTests" */;
			buildPhases = (
				9F0BDA263157B80E0BFEC6DF /* [CP] Check Pods Manifest.lock */,
				7794369A202E427B00E77B71 /* Sources */,
				7794369B202E427B00E77B71 /* Frameworks */,
				7794369C202E427B00E77B71 /* Resources */,
				3600A73A9E8B9CEC70A00E89 /* [CP] Embed Pods Frameworks */,
				014B0BB422B24DEDDBC01C66 /* [CP] Copy Pods Resources */,
			);
			buildRules = (
			);
			dependencies = (
				779436A0202E427B00E77B71 /* PBXTargetDependency */,
			);
			name = TabbedBarExampleTests;
			productName = TabbedBarExampleTests;
			productReference = 7794369E202E427B00E77B71 /* TabbedBarExampleTests.xctest */;
			productType = "com.apple.product-type.bundle.unit-test";
		};
		779436A8202E427B00E77B71 /* TabbedBarExampleUITests */ = {
			isa = PBXNativeTarget;
			buildConfigurationList = 779436B8202E427B00E77B71 /* Build configuration list for PBXNativeTarget "TabbedBarExampleUITests" */;
			buildPhases = (
				89BD3F10260CDA923B07CBF6 /* [CP] Check Pods Manifest.lock */,
				779436A5202E427B00E77B71 /* Sources */,
				779436A6202E427B00E77B71 /* Frameworks */,
				779436A7202E427B00E77B71 /* Resources */,
				145D2763D204C252E526A626 /* [CP] Embed Pods Frameworks */,
				B79E78BC01B1206BCAD107C9 /* [CP] Copy Pods Resources */,
			);
			buildRules = (
			);
			dependencies = (
				779436AB202E427B00E77B71 /* PBXTargetDependency */,
			);
			name = TabbedBarExampleUITests;
			productName = TabbedBarExampleUITests;
			productReference = 779436A9202E427B00E77B71 /* TabbedBarExampleUITests.xctest */;
			productType = "com.apple.product-type.bundle.ui-testing";
		};
/* End PBXNativeTarget section */

/* Begin PBXProject section */
		77943680202E427A00E77B71 /* Project object */ = {
			isa = PBXProject;
			attributes = {
				LastSwiftUpdateCheck = 0910;
				LastUpgradeCheck = 0910;
				ORGANIZATIONNAME = "Prathamesh Salawkar";
				TargetAttributes = {
					77943687202E427A00E77B71 = {
						CreatedOnToolsVersion = 9.1;
						ProvisioningStyle = Automatic;
					};
					7794369D202E427B00E77B71 = {
						CreatedOnToolsVersion = 9.1;
						ProvisioningStyle = Automatic;
						TestTargetID = 77943687202E427A00E77B71;
					};
					779436A8202E427B00E77B71 = {
						CreatedOnToolsVersion = 9.1;
						ProvisioningStyle = Automatic;
						TestTargetID = 77943687202E427A00E77B71;
					};
				};
			};
			buildConfigurationList = 77943683202E427A00E77B71 /* Build configuration list for PBXProject "TabbedBarExample" */;
			compatibilityVersion = "Xcode 8.0";
			developmentRegion = en;
			hasScannedForEncodings = 0;
			knownRegions = (
				en,
				Base,
			);
			mainGroup = 7794367F202E427A00E77B71;
			productRefGroup = 77943689202E427A00E77B71 /* Products */;
			projectDirPath = "";
			projectRoot = "";
			targets = (
				77943687202E427A00E77B71 /* TabbedBarExample */,
				7794369D202E427B00E77B71 /* TabbedBarExampleTests */,
				779436A8202E427B00E77B71 /* TabbedBarExampleUITests */,
			);
		};
/* End PBXProject section */

/* Begin PBXResourcesBuildPhase section */
		77943686202E427A00E77B71 /* Resources */ = {
			isa = PBXResourcesBuildPhase;
			buildActionMask = 2147483647;
			files = (
				779436D3202E490900E77B71 /* Main.storyboard in Resources */,
				77943695202E427A00E77B71 /* Assets.xcassets in Resources */,
				779436D8202E498A00E77B71 /* BoardsTableViewCell.xib in Resources */,
				779436D2202E490900E77B71 /* LaunchScreen.storyboard in Resources */,
				779436E0202E4A1500E77B71 /* TaskDetailView.xib in Resources */,
				0A2B5D582034E309000D7B72 /* Podfile in Resources */,
				779436DC202E49DA00E77B71 /* ListTableViewCell.xib in Resources */,
			);
			runOnlyForDeploymentPostprocessing = 0;
		};
		7794369C202E427B00E77B71 /* Resources */ = {
			isa = PBXResourcesBuildPhase;
			buildActionMask = 2147483647;
			files = (
			);
			runOnlyForDeploymentPostprocessing = 0;
		};
		779436A7202E427B00E77B71 /* Resources */ = {
			isa = PBXResourcesBuildPhase;
			buildActionMask = 2147483647;
			files = (
			);
			runOnlyForDeploymentPostprocessing = 0;
		};
/* End PBXResourcesBuildPhase section */

/* Begin PBXShellScriptBuildPhase section */
		014B0BB422B24DEDDBC01C66 /* [CP] Copy Pods Resources */ = {
			isa = PBXShellScriptBuildPhase;
			buildActionMask = 2147483647;
			files = (
			);
			inputPaths = (
			);
			name = "[CP] Copy Pods Resources";
			outputPaths = (
			);
			runOnlyForDeploymentPostprocessing = 0;
			shellPath = /bin/sh;
			shellScript = "\"${SRCROOT}/Pods/Target Support Files/Pods-TabbedBarExampleTests/Pods-TabbedBarExampleTests-resources.sh\"\n";
			showEnvVarsInLog = 0;
		};
		145D2763D204C252E526A626 /* [CP] Embed Pods Frameworks */ = {
			isa = PBXShellScriptBuildPhase;
			buildActionMask = 2147483647;
			files = (
			);
			inputPaths = (
			);
			name = "[CP] Embed Pods Frameworks";
			outputPaths = (
			);
			runOnlyForDeploymentPostprocessing = 0;
			shellPath = /bin/sh;
			shellScript = "\"${SRCROOT}/Pods/Target Support Files/Pods-TabbedBarExampleUITests/Pods-TabbedBarExampleUITests-frameworks.sh\"\n";
			showEnvVarsInLog = 0;
		};
		3600A73A9E8B9CEC70A00E89 /* [CP] Embed Pods Frameworks */ = {
			isa = PBXShellScriptBuildPhase;
			buildActionMask = 2147483647;
			files = (
			);
			inputPaths = (
			);
			name = "[CP] Embed Pods Frameworks";
			outputPaths = (
			);
			runOnlyForDeploymentPostprocessing = 0;
			shellPath = /bin/sh;
			shellScript = "\"${SRCROOT}/Pods/Target Support Files/Pods-TabbedBarExampleTests/Pods-TabbedBarExampleTests-frameworks.sh\"\n";
			showEnvVarsInLog = 0;
		};
		6782E4648F59FF5FF8768B57 /* [CP] Embed Pods Frameworks */ = {
			isa = PBXShellScriptBuildPhase;
			buildActionMask = 2147483647;
			files = (
			);
			inputPaths = (
				"${SRCROOT}/Pods/Target Support Files/Pods-TabbedBarExample/Pods-TabbedBarExample-frameworks.sh",
				"${BUILT_PRODUCTS_DIR}/Alamofire/Alamofire.framework",
			);
			name = "[CP] Embed Pods Frameworks";
			outputPaths = (
				"${TARGET_BUILD_DIR}/${FRAMEWORKS_FOLDER_PATH}/Alamofire.framework",
			);
			runOnlyForDeploymentPostprocessing = 0;
			shellPath = /bin/sh;
			shellScript = "\"${SRCROOT}/Pods/Target Support Files/Pods-TabbedBarExample/Pods-TabbedBarExample-frameworks.sh\"\n";
			showEnvVarsInLog = 0;
		};
		89BD3F10260CDA923B07CBF6 /* [CP] Check Pods Manifest.lock */ = {
			isa = PBXShellScriptBuildPhase;
			buildActionMask = 2147483647;
			files = (
			);
			inputPaths = (
				"${PODS_PODFILE_DIR_PATH}/Podfile.lock",
				"${PODS_ROOT}/Manifest.lock",
			);
			name = "[CP] Check Pods Manifest.lock";
			outputPaths = (
				"$(DERIVED_FILE_DIR)/Pods-TabbedBarExampleUITests-checkManifestLockResult.txt",
			);
			runOnlyForDeploymentPostprocessing = 0;
			shellPath = /bin/sh;
			shellScript = "diff \"${PODS_PODFILE_DIR_PATH}/Podfile.lock\" \"${PODS_ROOT}/Manifest.lock\" > /dev/null\nif [ $? != 0 ] ; then\n    # print error to STDERR\n    echo \"error: The sandbox is not in sync with the Podfile.lock. Run 'pod install' or update your CocoaPods installation.\" >&2\n    exit 1\nfi\n# This output is used by Xcode 'outputs' to avoid re-running this script phase.\necho \"SUCCESS\" > \"${SCRIPT_OUTPUT_FILE_0}\"\n";
			showEnvVarsInLog = 0;
		};
		9F0BDA263157B80E0BFEC6DF /* [CP] Check Pods Manifest.lock */ = {
			isa = PBXShellScriptBuildPhase;
			buildActionMask = 2147483647;
			files = (
			);
			inputPaths = (
				"${PODS_PODFILE_DIR_PATH}/Podfile.lock",
				"${PODS_ROOT}/Manifest.lock",
			);
			name = "[CP] Check Pods Manifest.lock";
			outputPaths = (
				"$(DERIVED_FILE_DIR)/Pods-TabbedBarExampleTests-checkManifestLockResult.txt",
			);
			runOnlyForDeploymentPostprocessing = 0;
			shellPath = /bin/sh;
			shellScript = "diff \"${PODS_PODFILE_DIR_PATH}/Podfile.lock\" \"${PODS_ROOT}/Manifest.lock\" > /dev/null\nif [ $? != 0 ] ; then\n    # print error to STDERR\n    echo \"error: The sandbox is not in sync with the Podfile.lock. Run 'pod install' or update your CocoaPods installation.\" >&2\n    exit 1\nfi\n# This output is used by Xcode 'outputs' to avoid re-running this script phase.\necho \"SUCCESS\" > \"${SCRIPT_OUTPUT_FILE_0}\"\n";
			showEnvVarsInLog = 0;
		};
		B79E78BC01B1206BCAD107C9 /* [CP] Copy Pods Resources */ = {
			isa = PBXShellScriptBuildPhase;
			buildActionMask = 2147483647;
			files = (
			);
			inputPaths = (
			);
			name = "[CP] Copy Pods Resources";
			outputPaths = (
			);
			runOnlyForDeploymentPostprocessing = 0;
			shellPath = /bin/sh;
			shellScript = "\"${SRCROOT}/Pods/Target Support Files/Pods-TabbedBarExampleUITests/Pods-TabbedBarExampleUITests-resources.sh\"\n";
			showEnvVarsInLog = 0;
		};
		C9BB86EE3DCBF67BE9F61E24 /* [CP] Check Pods Manifest.lock */ = {
			isa = PBXShellScriptBuildPhase;
			buildActionMask = 2147483647;
			files = (
			);
			inputPaths = (
				"${PODS_PODFILE_DIR_PATH}/Podfile.lock",
				"${PODS_ROOT}/Manifest.lock",
			);
			name = "[CP] Check Pods Manifest.lock";
			outputPaths = (
				"$(DERIVED_FILE_DIR)/Pods-TabbedBarExample-checkManifestLockResult.txt",
			);
			runOnlyForDeploymentPostprocessing = 0;
			shellPath = /bin/sh;
			shellScript = "diff \"${PODS_PODFILE_DIR_PATH}/Podfile.lock\" \"${PODS_ROOT}/Manifest.lock\" > /dev/null\nif [ $? != 0 ] ; then\n    # print error to STDERR\n    echo \"error: The sandbox is not in sync with the Podfile.lock. Run 'pod install' or update your CocoaPods installation.\" >&2\n    exit 1\nfi\n# This output is used by Xcode 'outputs' to avoid re-running this script phase.\necho \"SUCCESS\" > \"${SCRIPT_OUTPUT_FILE_0}\"\n";
			showEnvVarsInLog = 0;
		};
		D319A6BCB06051AC641A19E9 /* [CP] Copy Pods Resources */ = {
			isa = PBXShellScriptBuildPhase;
			buildActionMask = 2147483647;
			files = (
			);
			inputPaths = (
			);
			name = "[CP] Copy Pods Resources";
			outputPaths = (
			);
			runOnlyForDeploymentPostprocessing = 0;
			shellPath = /bin/sh;
			shellScript = "\"${SRCROOT}/Pods/Target Support Files/Pods-TabbedBarExample/Pods-TabbedBarExample-resources.sh\"\n";
			showEnvVarsInLog = 0;
		};
/* End PBXShellScriptBuildPhase section */

/* Begin PBXSourcesBuildPhase section */
		77943684202E427A00E77B71 /* Sources */ = {
			isa = PBXSourcesBuildPhase;
			buildActionMask = 2147483647;
			files = (
				0A2B5CF22034CE4B000D7B72 /* APIManager.swift in Sources */,
				0A2B5D542034DCB2000D7B72 /* ListModel.swift in Sources */,
				0A2B5D562034DCC3000D7B72 /* TaskModel.swift in Sources */,
				0A2B5CEE2034CBAE000D7B72 /* LoginViewController.swift in Sources */,
				779436D1202E490900E77B71 /* AppDelegate.swift in Sources */,
				779436DB202E49DA00E77B71 /* ListTableViewCell.swift in Sources */,
				0A2B5CEC2034CBAE000D7B72 /* ListViewController.swift in Sources */,
				779436CF202E490900E77B71 /* SecondViewController.swift in Sources */,
				779436CE202E490900E77B71 /* FourthViewController.swift in Sources */,
				0A2B5CEF2034CBAE000D7B72 /* RegisterViewController.swift in Sources */,
				779436D0202E490900E77B71 /* ThirdViewController.swift in Sources */,
				779436D7202E498A00E77B71 /* BoardsTableViewCell.swift in Sources */,
				779436CC202E490900E77B71 /* FifthViewController.swift in Sources */,
				0A2B5CE92034CBAE000D7B72 /* AddBoardViewController.swift in Sources */,
				09A0DB412035EAA100D7EC28 /* TaskTableViewCell.swift in Sources */,
				0A2B5D522034DC9B000D7B72 /* BoardsModel.swift in Sources */,
				0A2B5CED2034CBAE000D7B72 /* TaskDetailViewController.swift in Sources */,
				779436DE202E4A0300E77B71 /* TaskDetailView.swift in Sources */,
				0A2B5D4E2034D32B000D7B72 /* SwiftyJSON.swift in Sources */,
				0A2B5CEA2034CBAE000D7B72 /* AddTaskViewController.swift in Sources */,
				0A2B5CEB2034CBAE000D7B72 /* BoardsViewController.swift in Sources */,
			);
			runOnlyForDeploymentPostprocessing = 0;
		};
		7794369A202E427B00E77B71 /* Sources */ = {
			isa = PBXSourcesBuildPhase;
			buildActionMask = 2147483647;
			files = (
				779436A3202E427B00E77B71 /* TabbedBarExampleTests.swift in Sources */,
			);
			runOnlyForDeploymentPostprocessing = 0;
		};
		779436A5202E427B00E77B71 /* Sources */ = {
			isa = PBXSourcesBuildPhase;
			buildActionMask = 2147483647;
			files = (
				779436AE202E427B00E77B71 /* TabbedBarExampleUITests.swift in Sources */,
			);
			runOnlyForDeploymentPostprocessing = 0;
		};
/* End PBXSourcesBuildPhase section */

/* Begin PBXTargetDependency section */
		779436A0202E427B00E77B71 /* PBXTargetDependency */ = {
			isa = PBXTargetDependency;
			target = 77943687202E427A00E77B71 /* TabbedBarExample */;
			targetProxy = 7794369F202E427B00E77B71 /* PBXContainerItemProxy */;
		};
		779436AB202E427B00E77B71 /* PBXTargetDependency */ = {
			isa = PBXTargetDependency;
			target = 77943687202E427A00E77B71 /* TabbedBarExample */;
			targetProxy = 779436AA202E427B00E77B71 /* PBXContainerItemProxy */;
		};
/* End PBXTargetDependency section */

/* Begin XCBuildConfiguration section */
		779436B0202E427B00E77B71 /* Debug */ = {
			isa = XCBuildConfiguration;
			buildSettings = {
				ALWAYS_SEARCH_USER_PATHS = NO;
				CLANG_ANALYZER_NONNULL = YES;
				CLANG_ANALYZER_NUMBER_OBJECT_CONVERSION = YES_AGGRESSIVE;
				CLANG_CXX_LANGUAGE_STANDARD = "gnu++14";
				CLANG_CXX_LIBRARY = "libc++";
				CLANG_ENABLE_MODULES = YES;
				CLANG_ENABLE_OBJC_ARC = YES;
				CLANG_WARN_BLOCK_CAPTURE_AUTORELEASING = YES;
				CLANG_WARN_BOOL_CONVERSION = YES;
				CLANG_WARN_COMMA = YES;
				CLANG_WARN_CONSTANT_CONVERSION = YES;
				CLANG_WARN_DIRECT_OBJC_ISA_USAGE = YES_ERROR;
				CLANG_WARN_DOCUMENTATION_COMMENTS = YES;
				CLANG_WARN_EMPTY_BODY = YES;
				CLANG_WARN_ENUM_CONVERSION = YES;
				CLANG_WARN_INFINITE_RECURSION = YES;
				CLANG_WARN_INT_CONVERSION = YES;
				CLANG_WARN_NON_LITERAL_NULL_CONVERSION = YES;
				CLANG_WARN_OBJC_LITERAL_CONVERSION = YES;
				CLANG_WARN_OBJC_ROOT_CLASS = YES_ERROR;
				CLANG_WARN_RANGE_LOOP_ANALYSIS = YES;
				CLANG_WARN_STRICT_PROTOTYPES = YES;
				CLANG_WARN_SUSPICIOUS_MOVE = YES;
				CLANG_WARN_UNGUARDED_AVAILABILITY = YES_AGGRESSIVE;
				CLANG_WARN_UNREACHABLE_CODE = YES;
				CLANG_WARN__DUPLICATE_METHOD_MATCH = YES;
				CODE_SIGN_IDENTITY = "iPhone Developer";
				COPY_PHASE_STRIP = NO;
				DEBUG_INFORMATION_FORMAT = dwarf;
				ENABLE_STRICT_OBJC_MSGSEND = YES;
				ENABLE_TESTABILITY = YES;
				GCC_C_LANGUAGE_STANDARD = gnu11;
				GCC_DYNAMIC_NO_PIC = NO;
				GCC_NO_COMMON_BLOCKS = YES;
				GCC_OPTIMIZATION_LEVEL = 0;
				GCC_PREPROCESSOR_DEFINITIONS = (
					"DEBUG=1",
					"$(inherited)",
				);
				GCC_WARN_64_TO_32_BIT_CONVERSION = YES;
				GCC_WARN_ABOUT_RETURN_TYPE = YES_ERROR;
				GCC_WARN_UNDECLARED_SELECTOR = YES;
				GCC_WARN_UNINITIALIZED_AUTOS = YES_AGGRESSIVE;
				GCC_WARN_UNUSED_FUNCTION = YES;
				GCC_WARN_UNUSED_VARIABLE = YES;
				IPHONEOS_DEPLOYMENT_TARGET = 11.1;
				MTL_ENABLE_DEBUG_INFO = YES;
				ONLY_ACTIVE_ARCH = YES;
				SDKROOT = iphoneos;
				SWIFT_ACTIVE_COMPILATION_CONDITIONS = DEBUG;
				SWIFT_OPTIMIZATION_LEVEL = "-Onone";
			};
			name = Debug;
		};
		779436B1202E427B00E77B71 /* Release */ = {
			isa = XCBuildConfiguration;
			buildSettings = {
				ALWAYS_SEARCH_USER_PATHS = NO;
				CLANG_ANALYZER_NONNULL = YES;
				CLANG_ANALYZER_NUMBER_OBJECT_CONVERSION = YES_AGGRESSIVE;
				CLANG_CXX_LANGUAGE_STANDARD = "gnu++14";
				CLANG_CXX_LIBRARY = "libc++";
				CLANG_ENABLE_MODULES = YES;
				CLANG_ENABLE_OBJC_ARC = YES;
				CLANG_WARN_BLOCK_CAPTURE_AUTORELEASING = YES;
				CLANG_WARN_BOOL_CONVERSION = YES;
				CLANG_WARN_COMMA = YES;
				CLANG_WARN_CONSTANT_CONVERSION = YES;
				CLANG_WARN_DIRECT_OBJC_ISA_USAGE = YES_ERROR;
				CLANG_WARN_DOCUMENTATION_COMMENTS = YES;
				CLANG_WARN_EMPTY_BODY = YES;
				CLANG_WARN_ENUM_CONVERSION = YES;
				CLANG_WARN_INFINITE_RECURSION = YES;
				CLANG_WARN_INT_CONVERSION = YES;
				CLANG_WARN_NON_LITERAL_NULL_CONVERSION = YES;
				CLANG_WARN_OBJC_LITERAL_CONVERSION = YES;
				CLANG_WARN_OBJC_ROOT_CLASS = YES_ERROR;
				CLANG_WARN_RANGE_LOOP_ANALYSIS = YES;
				CLANG_WARN_STRICT_PROTOTYPES = YES;
				CLANG_WARN_SUSPICIOUS_MOVE = YES;
				CLANG_WARN_UNGUARDED_AVAILABILITY = YES_AGGRESSIVE;
				CLANG_WARN_UNREACHABLE_CODE = YES;
				CLANG_WARN__DUPLICATE_METHOD_MATCH = YES;
				CODE_SIGN_IDENTITY = "iPhone Developer";
				COPY_PHASE_STRIP = NO;
				DEBUG_INFORMATION_FORMAT = "dwarf-with-dsym";
				ENABLE_NS_ASSERTIONS = NO;
				ENABLE_STRICT_OBJC_MSGSEND = YES;
				GCC_C_LANGUAGE_STANDARD = gnu11;
				GCC_NO_COMMON_BLOCKS = YES;
				GCC_WARN_64_TO_32_BIT_CONVERSION = YES;
				GCC_WARN_ABOUT_RETURN_TYPE = YES_ERROR;
				GCC_WARN_UNDECLARED_SELECTOR = YES;
				GCC_WARN_UNINITIALIZED_AUTOS = YES_AGGRESSIVE;
				GCC_WARN_UNUSED_FUNCTION = YES;
				GCC_WARN_UNUSED_VARIABLE = YES;
				IPHONEOS_DEPLOYMENT_TARGET = 11.1;
				MTL_ENABLE_DEBUG_INFO = NO;
				SDKROOT = iphoneos;
				SWIFT_OPTIMIZATION_LEVEL = "-Owholemodule";
				VALIDATE_PRODUCT = YES;
			};
			name = Release;
		};
		779436B3202E427B00E77B71 /* Debug */ = {
			isa = XCBuildConfiguration;
			baseConfigurationReference = D1C986E3CE903364FE3F17A6 /* Pods-TabbedBarExample.debug.xcconfig */;
			buildSettings = {
				ASSETCATALOG_COMPILER_APPICON_NAME = AppIcon;
				CODE_SIGN_STYLE = Automatic;
				DEVELOPMENT_TEAM = 6BB99F5PTB;
				INFOPLIST_FILE = TabbedBarExample/Info.plist;
				LD_RUNPATH_SEARCH_PATHS = "$(inherited) @executable_path/Frameworks";
				PRODUCT_BUNDLE_IDENTIFIER = com.tutorial.tabbedBarExample.TabbedBarExample;
				PRODUCT_NAME = "$(TARGET_NAME)";
				SWIFT_VERSION = 4.0;
				TARGETED_DEVICE_FAMILY = "1,2";
			};
			name = Debug;
		};
		779436B4202E427B00E77B71 /* Release */ = {
			isa = XCBuildConfiguration;
			baseConfigurationReference = BBCE47BBEF34ADE1FE3AA9EF /* Pods-TabbedBarExample.release.xcconfig */;
			buildSettings = {
				ASSETCATALOG_COMPILER_APPICON_NAME = AppIcon;
				CODE_SIGN_STYLE = Automatic;
				DEVELOPMENT_TEAM = 6BB99F5PTB;
				INFOPLIST_FILE = TabbedBarExample/Info.plist;
				LD_RUNPATH_SEARCH_PATHS = "$(inherited) @executable_path/Frameworks";
				PRODUCT_BUNDLE_IDENTIFIER = com.tutorial.tabbedBarExample.TabbedBarExample;
				PRODUCT_NAME = "$(TARGET_NAME)";
				SWIFT_VERSION = 4.0;
				TARGETED_DEVICE_FAMILY = "1,2";
			};
			name = Release;
		};
		779436B6202E427B00E77B71 /* Debug */ = {
			isa = XCBuildConfiguration;
			baseConfigurationReference = 3E24F90BEAA8282550B16480 /* Pods-TabbedBarExampleTests.debug.xcconfig */;
			buildSettings = {
				ALWAYS_EMBED_SWIFT_STANDARD_LIBRARIES = YES;
				BUNDLE_LOADER = "$(TEST_HOST)";
				CODE_SIGN_STYLE = Automatic;
				DEVELOPMENT_TEAM = 6BB99F5PTB;
				INFOPLIST_FILE = TabbedBarExampleTests/Info.plist;
				LD_RUNPATH_SEARCH_PATHS = "$(inherited) @executable_path/Frameworks @loader_path/Frameworks";
				PRODUCT_BUNDLE_IDENTIFIER = com.tutorial.tabbedBarExample.TabbedBarExampleTests;
				PRODUCT_NAME = "$(TARGET_NAME)";
				SWIFT_VERSION = 4.0;
				TARGETED_DEVICE_FAMILY = "1,2";
				TEST_HOST = "$(BUILT_PRODUCTS_DIR)/TabbedBarExample.app/TabbedBarExample";
			};
			name = Debug;
		};
		779436B7202E427B00E77B71 /* Release */ = {
			isa = XCBuildConfiguration;
			baseConfigurationReference = E2C15FB52B0038FB0C44E6F1 /* Pods-TabbedBarExampleTests.release.xcconfig */;
			buildSettings = {
				ALWAYS_EMBED_SWIFT_STANDARD_LIBRARIES = YES;
				BUNDLE_LOADER = "$(TEST_HOST)";
				CODE_SIGN_STYLE = Automatic;
				DEVELOPMENT_TEAM = 6BB99F5PTB;
				INFOPLIST_FILE = TabbedBarExampleTests/Info.plist;
				LD_RUNPATH_SEARCH_PATHS = "$(inherited) @executable_path/Frameworks @loader_path/Frameworks";
				PRODUCT_BUNDLE_IDENTIFIER = com.tutorial.tabbedBarExample.TabbedBarExampleTests;
				PRODUCT_NAME = "$(TARGET_NAME)";
				SWIFT_VERSION = 4.0;
				TARGETED_DEVICE_FAMILY = "1,2";
				TEST_HOST = "$(BUILT_PRODUCTS_DIR)/TabbedBarExample.app/TabbedBarExample";
			};
			name = Release;
		};
		779436B9202E427B00E77B71 /* Debug */ = {
			isa = XCBuildConfiguration;
			baseConfigurationReference = 9D1E8B559EA91588BC2AF2D3 /* Pods-TabbedBarExampleUITests.debug.xcconfig */;
			buildSettings = {
				ALWAYS_EMBED_SWIFT_STANDARD_LIBRARIES = YES;
				CODE_SIGN_STYLE = Automatic;
				DEVELOPMENT_TEAM = 6BB99F5PTB;
				INFOPLIST_FILE = TabbedBarExampleUITests/Info.plist;
				LD_RUNPATH_SEARCH_PATHS = "$(inherited) @executable_path/Frameworks @loader_path/Frameworks";
				PRODUCT_BUNDLE_IDENTIFIER = com.tutorial.tabbedBarExample.TabbedBarExampleUITests;
				PRODUCT_NAME = "$(TARGET_NAME)";
				SWIFT_VERSION = 4.0;
				TARGETED_DEVICE_FAMILY = "1,2";
				TEST_TARGET_NAME = TabbedBarExample;
			};
			name = Debug;
		};
		779436BA202E427B00E77B71 /* Release */ = {
			isa = XCBuildConfiguration;
			baseConfigurationReference = 5D53225D356876CA3465A661 /* Pods-TabbedBarExampleUITests.release.xcconfig */;
			buildSettings = {
				ALWAYS_EMBED_SWIFT_STANDARD_LIBRARIES = YES;
				CODE_SIGN_STYLE = Automatic;
				DEVELOPMENT_TEAM = 6BB99F5PTB;
				INFOPLIST_FILE = TabbedBarExampleUITests/Info.plist;
				LD_RUNPATH_SEARCH_PATHS = "$(inherited) @executable_path/Frameworks @loader_path/Frameworks";
				PRODUCT_BUNDLE_IDENTIFIER = com.tutorial.tabbedBarExample.TabbedBarExampleUITests;
				PRODUCT_NAME = "$(TARGET_NAME)";
				SWIFT_VERSION = 4.0;
				TARGETED_DEVICE_FAMILY = "1,2";
				TEST_TARGET_NAME = TabbedBarExample;
			};
			name = Release;
		};
/* End XCBuildConfiguration section */

/* Begin XCConfigurationList section */
		77943683202E427A00E77B71 /* Build configuration list for PBXProject "TabbedBarExample" */ = {
			isa = XCConfigurationList;
			buildConfigurations = (
				779436B0202E427B00E77B71 /* Debug */,
				779436B1202E427B00E77B71 /* Release */,
			);
			defaultConfigurationIsVisible = 0;
			defaultConfigurationName = Release;
		};
		779436B2202E427B00E77B71 /* Build configuration list for PBXNativeTarget "TabbedBarExample" */ = {
			isa = XCConfigurationList;
			buildConfigurations = (
				779436B3202E427B00E77B71 /* Debug */,
				779436B4202E427B00E77B71 /* Release */,
			);
			defaultConfigurationIsVisible = 0;
			defaultConfigurationName = Release;
		};
		779436B5202E427B00E77B71 /* Build configuration list for PBXNativeTarget "TabbedBarExampleTests" */ = {
			isa = XCConfigurationList;
			buildConfigurations = (
				779436B6202E427B00E77B71 /* Debug */,
				779436B7202E427B00E77B71 /* Release */,
			);
			defaultConfigurationIsVisible = 0;
			defaultConfigurationName = Release;
		};
		779436B8202E427B00E77B71 /* Build configuration list for PBXNativeTarget "TabbedBarExampleUITests" */ = {
			isa = XCConfigurationList;
			buildConfigurations = (
				779436B9202E427B00E77B71 /* Debug */,
				779436BA202E427B00E77B71 /* Release */,
			);
			defaultConfigurationIsVisible = 0;
			defaultConfigurationName = Release;
		};
/* End XCConfigurationList section */
	};
	rootObject = 77943680202E427A00E77B71 /* Project object */;
}
